
Microsoft Visual Studio Solution File, Format Version 12.00
# Visual Studio Version 16
VisualStudioVersion = 16.0.30114.105
MinimumVisualStudioVersion = 10.0.40219.1
Project("{2150E333-8FDC-42A3-9474-1A3956D46DE8}") = "src", "src", "{F90BADC7-080D-44DE-9081-BE4FE94E5587}"
EndProject
Project("{FAE04EC0-301F-11D3-BF4B-00C04F79EFBC}") = "Client", "src\Client\Client.csproj", "{35EE1743-DEED-4F72-919F-C84CBB6AC054}"
EndProject
Project("{FAE04EC0-301F-11D3-BF4B-00C04F79EFBC}") = "Server", "src\Server\Server.csproj", "{3D81277D-762B-48D7-8F36-27AB7BD1F13C}"
EndProject
Project("{FAE04EC0-301F-11D3-BF4B-00C04F79EFBC}") = "BlazorEcommerce.Shared", "src\BlazorEcommerce.Shared\BlazorEcommerce.Shared.csproj", "{812ADCD7-C5F1-4B64-B7D9-11F5758EAF17}"
EndProject
Global
	GlobalSection(SolutionConfigurationPlatforms) = preSolution
		Debug|Any CPU = Debug|Any CPU
		Release|Any CPU = Release|Any CPU
	EndGlobalSection
	GlobalSection(SolutionProperties) = preSolution
		HideSolutionNode = FALSE
	EndGlobalSection
	GlobalSection(ProjectConfigurationPlatforms) = postSolution
		{35EE1743-DEED-4F72-919F-C84CBB6AC054}.Debug|Any CPU.ActiveCfg = Debug|Any CPU
		{35EE1743-DEED-4F72-919F-C84CBB6AC054}.Debug|Any CPU.Build.0 = Debug|Any CPU
		{35EE1743-DEED-4F72-919F-C84CBB6AC054}.Release|Any CPU.ActiveCfg = Release|Any CPU
		{35EE1743-DEED-4F72-919F-C84CBB6AC054}.Release|Any CPU.Build.0 = Release|Any CPU
		{3D81277D-762B-48D7-8F36-27AB7BD1F13C}.Debug|Any CPU.ActiveCfg = Debug|Any CPU
		{3D81277D-762B-48D7-8F36-27AB7BD1F13C}.Debug|Any CPU.Build.0 = Debug|Any CPU
		{3D81277D-762B-48D7-8F36-27AB7BD1F13C}.Release|Any CPU.ActiveCfg = Release|Any CPU
		{3D81277D-762B-48D7-8F36-27AB7BD1F13C}.Release|Any CPU.Build.0 = Release|Any CPU
		{812ADCD7-C5F1-4B64-B7D9-11F5758EAF17}.Debug|Any CPU.ActiveCfg = Debug|Any CPU
		{812ADCD7-C5F1-4B64-B7D9-11F5758EAF17}.Debug|Any CPU.Build.0 = Debug|Any CPU
		{812ADCD7-C5F1-4B64-B7D9-11F5758EAF17}.Release|Any CPU.ActiveCfg = Release|Any CPU
		{812ADCD7-C5F1-4B64-B7D9-11F5758EAF17}.Release|Any CPU.Build.0 = Release|Any CPU
	EndGlobalSection
	GlobalSection(NestedProjects) = preSolution
		{35EE1743-DEED-4F72-919F-C84CBB6AC054} = {F90BADC7-080D-44DE-9081-BE4FE94E5587}
		{3D81277D-762B-48D7-8F36-27AB7BD1F13C} = {F90BADC7-080D-44DE-9081-BE4FE94E5587}
		{812ADCD7-C5F1-4B64-B7D9-11F5758EAF17} = {F90BADC7-080D-44DE-9081-BE4FE94E5587}
	EndGlobalSection
EndGlobal
