
Microsoft Visual Studio Solution File, Format Version 12.00
# Visual Studio Version 16
VisualStudioVersion = 16.0.30114.105
MinimumVisualStudioVersion = 10.0.40219.1
Project("{2150E333-8FDC-42A3-9474-1A3956D46DE8}") = "src", "src", "{C2C8EBAC-91E8-45DE-B79A-C09E534FCF6D}"
EndProject
Project("{FAE04EC0-301F-11D3-BF4B-00C04F79EFBC}") = "BlazorEcommerce", "src\BlazorEcommerce\BlazorEcommerce.csproj", "{7B8DF78F-0BA0-4A92-BC63-95C23A562AC6}"
EndProject
Global
	GlobalSection(SolutionConfigurationPlatforms) = preSolution
		Debug|Any CPU = Debug|Any CPU
		Release|Any CPU = Release|Any CPU
	EndGlobalSection
	GlobalSection(SolutionProperties) = preSolution
		HideSolutionNode = FALSE
	EndGlobalSection
	GlobalSection(ProjectConfigurationPlatforms) = postSolution
		{7B8DF78F-0BA0-4A92-BC63-95C23A562AC6}.Debug|Any CPU.ActiveCfg = Debug|Any CPU
		{7B8DF78F-0BA0-4A92-BC63-95C23A562AC6}.Debug|Any CPU.Build.0 = Debug|Any CPU
		{7B8DF78F-0BA0-4A92-BC63-95C23A562AC6}.Release|Any CPU.ActiveCfg = Release|Any CPU
		{7B8DF78F-0BA0-4A92-BC63-95C23A562AC6}.Release|Any CPU.Build.0 = Release|Any CPU
	EndGlobalSection
	GlobalSection(NestedProjects) = preSolution
		{7B8DF78F-0BA0-4A92-BC63-95C23A562AC6} = {C2C8EBAC-91E8-45DE-B79A-C09E534FCF6D}
	EndGlobalSection
EndGlobal
